
Microsoft Visual Studio Solution File, Format Version 12.00
# Visual Studio Version 17
VisualStudioVersion = 17.5.33516.290
MinimumVisualStudioVersion = 10.0.40219.1
Project("{9A19103F-16F7-4668-BE54-9A1E7A4F7556}") = "Finalsurge", "Finalsurge.csproj", "{FE4A59BF-BCDF-4699-8CEE-B71F2B4F59D1}"
EndProject
Project("{9A19103F-16F7-4668-BE54-9A1E7A4F7556}") = "Core", "..\Core\Core.csproj", "{78B13327-5157-40DE-A9C0-97C1849759A6}"
EndProject
Project("{9A19103F-16F7-4668-BE54-9A1E7A4F7556}") = "BusinessObjects", "..\BusinessObjects\BusinessObjects.csproj", "{4D859794-4B73-4418-B0C8-628F713B1CF2}"
EndProject
Global
	GlobalSection(SolutionConfigurationPlatforms) = preSolution
		Debug|Any CPU = Debug|Any CPU
		Release|Any CPU = Release|Any CPU
	EndGlobalSection
	GlobalSection(ProjectConfigurationPlatforms) = postSolution
		{FE4A59BF-BCDF-4699-8CEE-B71F2B4F59D1}.Debug|Any CPU.ActiveCfg = Debug|Any CPU
		{FE4A59BF-BCDF-4699-8CEE-B71F2B4F59D1}.Debug|Any CPU.Build.0 = Debug|Any CPU
		{FE4A59BF-BCDF-4699-8CEE-B71F2B4F59D1}.Release|Any CPU.ActiveCfg = Release|Any CPU
		{FE4A59BF-BCDF-4699-8CEE-B71F2B4F59D1}.Release|Any CPU.Build.0 = Release|Any CPU
		{78B13327-5157-40DE-A9C0-97C1849759A6}.Debug|Any CPU.ActiveCfg = Debug|Any CPU
		{78B13327-5157-40DE-A9C0-97C1849759A6}.Debug|Any CPU.Build.0 = Debug|Any CPU
		{78B13327-5157-40DE-A9C0-97C1849759A6}.Release|Any CPU.ActiveCfg = Release|Any CPU
		{78B13327-5157-40DE-A9C0-97C1849759A6}.Release|Any CPU.Build.0 = Release|Any CPU
		{4D859794-4B73-4418-B0C8-628F713B1CF2}.Debug|Any CPU.ActiveCfg = Debug|Any CPU
		{4D859794-4B73-4418-B0C8-628F713B1CF2}.Debug|Any CPU.Build.0 = Debug|Any CPU
		{4D859794-4B73-4418-B0C8-628F713B1CF2}.Release|Any CPU.ActiveCfg = Release|Any CPU
		{4D859794-4B73-4418-B0C8-628F713B1CF2}.Release|Any CPU.Build.0 = Release|Any CPU
	EndGlobalSection
	GlobalSection(SolutionProperties) = preSolution
		HideSolutionNode = FALSE
	EndGlobalSection
	GlobalSection(ExtensibilityGlobals) = postSolution
		SolutionGuid = {19694BD6-8473-4523-937C-2E4E2B0D4196}
	EndGlobalSection
EndGlobal
